
Microsoft Visual Studio Solution File, Format Version 12.00
# Visual Studio Version 16
VisualStudioVersion = 16.0.29311.281
MinimumVisualStudioVersion = 10.0.40219.1
Project("{FAE04EC0-301F-11D3-BF4B-00C04F79EFBC}") = "CoreForm", "CoreForm\CoreForm.csproj", "{D4551BCF-3F28-423F-A65E-CD0029D8A955}"
EndProject
Global
	GlobalSection(SolutionConfigurationPlatforms) = preSolution
		Debug|Any CPU = Debug|Any CPU
		Release|Any CPU = Release|Any CPU
	EndGlobalSection
	GlobalSection(ProjectConfigurationPlatforms) = postSolution
		{D4551BCF-3F28-423F-A65E-CD0029D8A955}.Debug|Any CPU.ActiveCfg = Debug|Any CPU
		{D4551BCF-3F28-423F-A65E-CD0029D8A955}.Debug|Any CPU.Build.0 = Debug|Any CPU
		{D4551BCF-3F28-423F-A65E-CD0029D8A955}.Release|Any CPU.ActiveCfg = Release|Any CPU
		{D4551BCF-3F28-423F-A65E-CD0029D8A955}.Release|Any CPU.Build.0 = Release|Any CPU
	EndGlobalSection
	GlobalSection(SolutionProperties) = preSolution
		HideSolutionNode = FALSE
	EndGlobalSection
	GlobalSection(ExtensibilityGlobals) = postSolution
		SolutionGuid = {4BCA30FF-BCB0-471C-B3E7-82C1411F5224}
	EndGlobalSection
EndGlobal
