
Microsoft Visual Studio Solution File, Format Version 12.00
# Visual Studio Version 17
VisualStudioVersion = 17.2.32505.173
MinimumVisualStudioVersion = 10.0.40219.1
Project("{9A19103F-16F7-4668-BE54-9A1E7A4F7556}") = "FreeCellSolitaire", "CoreForm\FreeCellSolitaire.csproj", "{D4551BCF-3F28-423F-A65E-CD0029D8A955}"
EndProject
Project("{9A19103F-16F7-4668-BE54-9A1E7A4F7556}") = "FreeCellSolitaire.Tests", "Tests\FreeCellSolitaire.Tests\FreeCellSolitaire.Tests.csproj", "{3FC413A7-EDF1-404B-BA3D-0B44DA18C63F}"
EndProject
Project("{9A19103F-16F7-4668-BE54-9A1E7A4F7556}") = "FreeCellSolitaire.Core", "FreeCellSolitaire.Core\FreeCellSolitaire.Core.csproj", "{AA847F7E-CC96-4517-BC26-3BD2F90563C4}"
EndProject
Project("{2150E333-8FDC-42A3-9474-1A3956D46DE8}") = "方案項目", "方案項目", "{6F486832-B453-4823-9575-AC41F01EA54E}"
	ProjectSection(SolutionItems) = preProject
		README.md = README.md
	EndProjectSection
EndProject
Project("{9A19103F-16F7-4668-BE54-9A1E7A4F7556}") = "FreeCellSolitaire.Data", "FreeCellSolitaire.Data\FreeCellSolitaire.Data.csproj", "{2CAA1CB9-DA8D-432A-8EEE-132FC8CFA50D}"
EndProject
Global
	GlobalSection(SolutionConfigurationPlatforms) = preSolution
		Debug|Any CPU = Debug|Any CPU
		Release|Any CPU = Release|Any CPU
	EndGlobalSection
	GlobalSection(ProjectConfigurationPlatforms) = postSolution
		{D4551BCF-3F28-423F-A65E-CD0029D8A955}.Debug|Any CPU.ActiveCfg = Debug|Any CPU
		{D4551BCF-3F28-423F-A65E-CD0029D8A955}.Debug|Any CPU.Build.0 = Debug|Any CPU
		{D4551BCF-3F28-423F-A65E-CD0029D8A955}.Release|Any CPU.ActiveCfg = Release|Any CPU
		{D4551BCF-3F28-423F-A65E-CD0029D8A955}.Release|Any CPU.Build.0 = Release|Any CPU
		{3FC413A7-EDF1-404B-BA3D-0B44DA18C63F}.Debug|Any CPU.ActiveCfg = Debug|Any CPU
		{3FC413A7-EDF1-404B-BA3D-0B44DA18C63F}.Debug|Any CPU.Build.0 = Debug|Any CPU
		{3FC413A7-EDF1-404B-BA3D-0B44DA18C63F}.Release|Any CPU.ActiveCfg = Release|Any CPU
		{3FC413A7-EDF1-404B-BA3D-0B44DA18C63F}.Release|Any CPU.Build.0 = Release|Any CPU
		{AA847F7E-CC96-4517-BC26-3BD2F90563C4}.Debug|Any CPU.ActiveCfg = Debug|Any CPU
		{AA847F7E-CC96-4517-BC26-3BD2F90563C4}.Debug|Any CPU.Build.0 = Debug|Any CPU
		{AA847F7E-CC96-4517-BC26-3BD2F90563C4}.Release|Any CPU.ActiveCfg = Release|Any CPU
		{AA847F7E-CC96-4517-BC26-3BD2F90563C4}.Release|Any CPU.Build.0 = Release|Any CPU
		{2CAA1CB9-DA8D-432A-8EEE-132FC8CFA50D}.Debug|Any CPU.ActiveCfg = Debug|Any CPU
		{2CAA1CB9-DA8D-432A-8EEE-132FC8CFA50D}.Debug|Any CPU.Build.0 = Debug|Any CPU
		{2CAA1CB9-DA8D-432A-8EEE-132FC8CFA50D}.Release|Any CPU.ActiveCfg = Release|Any CPU
		{2CAA1CB9-DA8D-432A-8EEE-132FC8CFA50D}.Release|Any CPU.Build.0 = Release|Any CPU
	EndGlobalSection
	GlobalSection(SolutionProperties) = preSolution
		HideSolutionNode = FALSE
	EndGlobalSection
	GlobalSection(ExtensibilityGlobals) = postSolution
		SolutionGuid = {4BCA30FF-BCB0-471C-B3E7-82C1411F5224}
	EndGlobalSection
EndGlobal
